
Microsoft Visual Studio Solution File, Format Version 12.00
# Visual Studio Version 17
VisualStudioVersion = 17.14.37216.2
MinimumVisualStudioVersion = 10.0.40219.1
Project("{2150E333-8FDC-42A3-9474-1A3956D46DE8}") = "Debugging", "Debugging", "{02EA681E-C7D8-13C7-8484-4AC65E1B71E8}"
EndProject
Project("{8BC9CEB8-8B4A-11D0-8D11-00A0C91BC942}") = "Lesson02-Breakpoint-Memory-Values", "Lesson02-Breakpoint-Memory-Values\Lesson02-Breakpoint-Memory-Values.vcxproj", "{653F85AF-12DF-42CD-B594-C8B3C988CE89}"
EndProject
Project("{2150E333-8FDC-42A3-9474-1A3956D46DE8}") = "Miscellaneous", "Miscellaneous", "{B4250EBF-8CC4-486F-9D54-D9FAF320E7EF}"
EndProject
Project("{8BC9CEB8-8B4A-11D0-8D11-00A0C91BC942}") = "Library", "Library\Library.vcxproj", "{31FB6F72-CC1A-4909-B178-94AE0BA61200}"
EndProject
Project("{8BC9CEB8-8B4A-11D0-8D11-00A0C91BC942}") = "Ternary-Operator", "Ternary-Operator\Ternary-Operator.vcxproj", "{9223B7FD-7AA5-46D6-91AD-2C379B580734}"
EndProject
Project("{8BC9CEB8-8B4A-11D0-8D11-00A0C91BC942}") = "Ranged-Loop", "Ranged-Loop\Ranged-Loop.vcxproj", "{9B85FAA2-652E-4E06-ABD2-968237B435EF}"
EndProject
Project("{8BC9CEB8-8B4A-11D0-8D11-00A0C91BC942}") = "ValidationNumberOnly", "ValidationNumberOnly\ValidationNumberOnly.vcxproj", "{1AE01AB1-1692-4949-A987-7D66BCC13CB8}"
EndProject
Project("{8BC9CEB8-8B4A-11D0-8D11-00A0C91BC942}") = "Bitwise-AND-Operator", "Bitwise-AND-Operator\Bitwise-AND-Operator.vcxproj", "{AD551B99-4535-438A-BA71-26CBC790D17D}"
EndProject
Project("{8BC9CEB8-8B4A-11D0-8D11-00A0C91BC942}") = "Bitwise-OR-Operator", "Bitwise-OR-Operator\Bitwise-OR-Operator.vcxproj", "{4E10DC5A-868F-4D34-A96D-010EF3BA899D}"
EndProject
Global
	GlobalSection(SolutionConfigurationPlatforms) = preSolution
		Debug|x64 = Debug|x64
		Debug|x86 = Debug|x86
		Release|x64 = Release|x64
		Release|x86 = Release|x86
	EndGlobalSection
	GlobalSection(ProjectConfigurationPlatforms) = postSolution
		{653F85AF-12DF-42CD-B594-C8B3C988CE89}.Debug|x64.ActiveCfg = Debug|x64
		{653F85AF-12DF-42CD-B594-C8B3C988CE89}.Debug|x64.Build.0 = Debug|x64
		{653F85AF-12DF-42CD-B594-C8B3C988CE89}.Debug|x86.ActiveCfg = Debug|Win32
		{653F85AF-12DF-42CD-B594-C8B3C988CE89}.Debug|x86.Build.0 = Debug|Win32
		{653F85AF-12DF-42CD-B594-C8B3C988CE89}.Release|x64.ActiveCfg = Release|x64
		{653F85AF-12DF-42CD-B594-C8B3C988CE89}.Release|x64.Build.0 = Release|x64
		{653F85AF-12DF-42CD-B594-C8B3C988CE89}.Release|x86.ActiveCfg = Release|Win32
		{653F85AF-12DF-42CD-B594-C8B3C988CE89}.Release|x86.Build.0 = Release|Win32
		{31FB6F72-CC1A-4909-B178-94AE0BA61200}.Debug|x64.ActiveCfg = Debug|x64
		{31FB6F72-CC1A-4909-B178-94AE0BA61200}.Debug|x64.Build.0 = Debug|x64
		{31FB6F72-CC1A-4909-B178-94AE0BA61200}.Debug|x86.ActiveCfg = Debug|Win32
		{31FB6F72-CC1A-4909-B178-94AE0BA61200}.Debug|x86.Build.0 = Debug|Win32
		{31FB6F72-CC1A-4909-B178-94AE0BA61200}.Release|x64.ActiveCfg = Release|x64
		{31FB6F72-CC1A-4909-B178-94AE0BA61200}.Release|x64.Build.0 = Release|x64
		{31FB6F72-CC1A-4909-B178-94AE0BA61200}.Release|x86.ActiveCfg = Release|Win32
		{31FB6F72-CC1A-4909-B178-94AE0BA61200}.Release|x86.Build.0 = Release|Win32
		{9223B7FD-7AA5-46D6-91AD-2C379B580734}.Debug|x64.ActiveCfg = Debug|x64
		{9223B7FD-7AA5-46D6-91AD-2C379B580734}.Debug|x64.Build.0 = Debug|x64
		{9223B7FD-7AA5-46D6-91AD-2C379B580734}.Debug|x86.ActiveCfg = Debug|Win32
		{9223B7FD-7AA5-46D6-91AD-2C379B580734}.Debug|x86.Build.0 = Debug|Win32
		{9223B7FD-7AA5-46D6-91AD-2C379B580734}.Release|x64.ActiveCfg = Release|x64
		{9223B7FD-7AA5-46D6-91AD-2C379B580734}.Release|x64.Build.0 = Release|x64
		{9223B7FD-7AA5-46D6-91AD-2C379B580734}.Release|x86.ActiveCfg = Release|Win32
		{9223B7FD-7AA5-46D6-91AD-2C379B580734}.Release|x86.Build.0 = Release|Win32
		{9B85FAA2-652E-4E06-ABD2-968237B435EF}.Debug|x64.ActiveCfg = Debug|x64
		{9B85FAA2-652E-4E06-ABD2-968237B435EF}.Debug|x64.Build.0 = Debug|x64
		{9B85FAA2-652E-4E06-ABD2-968237B435EF}.Debug|x86.ActiveCfg = Debug|Win32
		{9B85FAA2-652E-4E06-ABD2-968237B435EF}.Debug|x86.Build.0 = Debug|Win32
		{9B85FAA2-652E-4E06-ABD2-968237B435EF}.Release|x64.ActiveCfg = Release|x64
		{9B85FAA2-652E-4E06-ABD2-968237B435EF}.Release|x64.Build.0 = Release|x64
		{9B85FAA2-652E-4E06-ABD2-968237B435EF}.Release|x86.ActiveCfg = Release|Win32
		{9B85FAA2-652E-4E06-ABD2-968237B435EF}.Release|x86.Build.0 = Release|Win32
		{1AE01AB1-1692-4949-A987-7D66BCC13CB8}.Debug|x64.ActiveCfg = Debug|x64
		{1AE01AB1-1692-4949-A987-7D66BCC13CB8}.Debug|x64.Build.0 = Debug|x64
		{1AE01AB1-1692-4949-A987-7D66BCC13CB8}.Debug|x86.ActiveCfg = Debug|Win32
		{1AE01AB1-1692-4949-A987-7D66BCC13CB8}.Debug|x86.Build.0 = Debug|Win32
		{1AE01AB1-1692-4949-A987-7D66BCC13CB8}.Release|x64.ActiveCfg = Release|x64
		{1AE01AB1-1692-4949-A987-7D66BCC13CB8}.Release|x64.Build.0 = Release|x64
		{1AE01AB1-1692-4949-A987-7D66BCC13CB8}.Release|x86.ActiveCfg = Release|Win32
		{1AE01AB1-1692-4949-A987-7D66BCC13CB8}.Release|x86.Build.0 = Release|Win32
		{AD551B99-4535-438A-BA71-26CBC790D17D}.Debug|x64.ActiveCfg = Debug|x64
		{AD551B99-4535-438A-BA71-26CBC790D17D}.Debug|x64.Build.0 = Debug|x64
		{AD551B99-4535-438A-BA71-26CBC790D17D}.Debug|x86.ActiveCfg = Debug|Win32
		{AD551B99-4535-438A-BA71-26CBC790D17D}.Debug|x86.Build.0 = Debug|Win32
		{AD551B99-4535-438A-BA71-26CBC790D17D}.Release|x64.ActiveCfg = Release|x64
		{AD551B99-4535-438A-BA71-26CBC790D17D}.Release|x64.Build.0 = Release|x64
		{AD551B99-4535-438A-BA71-26CBC790D17D}.Release|x86.ActiveCfg = Release|Win32
		{AD551B99-4535-438A-BA71-26CBC790D17D}.Release|x86.Build.0 = Release|Win32
		{4E10DC5A-868F-4D34-A96D-010EF3BA899D}.Debug|x64.ActiveCfg = Debug|x64
		{4E10DC5A-868F-4D34-A96D-010EF3BA899D}.Debug|x64.Build.0 = Debug|x64
		{4E10DC5A-868F-4D34-A96D-010EF3BA899D}.Debug|x86.ActiveCfg = Debug|Win32
		{4E10DC5A-868F-4D34-A96D-010EF3BA899D}.Debug|x86.Build.0 = Debug|Win32
		{4E10DC5A-868F-4D34-A96D-010EF3BA899D}.Release|x64.ActiveCfg = Release|x64
		{4E10DC5A-868F-4D34-A96D-010EF3BA899D}.Release|x64.Build.0 = Release|x64
		{4E10DC5A-868F-4D34-A96D-010EF3BA899D}.Release|x86.ActiveCfg = Release|Win32
		{4E10DC5A-868F-4D34-A96D-010EF3BA899D}.Release|x86.Build.0 = Release|Win32
	EndGlobalSection
	GlobalSection(SolutionProperties) = preSolution
		HideSolutionNode = FALSE
	EndGlobalSection
	GlobalSection(NestedProjects) = preSolution
		{653F85AF-12DF-42CD-B594-C8B3C988CE89} = {02EA681E-C7D8-13C7-8484-4AC65E1B71E8}
		{31FB6F72-CC1A-4909-B178-94AE0BA61200} = {B4250EBF-8CC4-486F-9D54-D9FAF320E7EF}
		{9223B7FD-7AA5-46D6-91AD-2C379B580734} = {B4250EBF-8CC4-486F-9D54-D9FAF320E7EF}
		{9B85FAA2-652E-4E06-ABD2-968237B435EF} = {B4250EBF-8CC4-486F-9D54-D9FAF320E7EF}
		{1AE01AB1-1692-4949-A987-7D66BCC13CB8} = {B4250EBF-8CC4-486F-9D54-D9FAF320E7EF}
		{AD551B99-4535-438A-BA71-26CBC790D17D} = {B4250EBF-8CC4-486F-9D54-D9FAF320E7EF}
		{4E10DC5A-868F-4D34-A96D-010EF3BA899D} = {B4250EBF-8CC4-486F-9D54-D9FAF320E7EF}
	EndGlobalSection
	GlobalSection(ExtensibilityGlobals) = postSolution
		SolutionGuid = {18D75D6F-988F-4E38-BA90-63E20B3D8DE7}
	EndGlobalSection
EndGlobal
