
Microsoft Visual Studio Solution File, Format Version 12.00
# Visual Studio Version 17
VisualStudioVersion = 17.14.37216.2
MinimumVisualStudioVersion = 10.0.40219.1
Project("{2150E333-8FDC-42A3-9474-1A3956D46DE8}") = "Debugging", "Debugging", "{02EA681E-C7D8-13C7-8484-4AC65E1B71E8}"
EndProject
Project("{8BC9CEB8-8B4A-11D0-8D11-00A0C91BC942}") = "Lesson02-Breakpoint-Memory-Values", "Lesson02-Breakpoint-Memory-Values\Lesson02-Breakpoint-Memory-Values.vcxproj", "{653F85AF-12DF-42CD-B594-C8B3C988CE89}"
EndProject
Project("{2150E333-8FDC-42A3-9474-1A3956D46DE8}") = "Miscellaneous", "Miscellaneous", "{B4250EBF-8CC4-486F-9D54-D9FAF320E7EF}"
EndProject
Project("{8BC9CEB8-8B4A-11D0-8D11-00A0C91BC942}") = "Library", "Library\Library.vcxproj", "{31FB6F72-CC1A-4909-B178-94AE0BA61200}"
EndProject
Project("{8BC9CEB8-8B4A-11D0-8D11-00A0C91BC942}") = "Ternary-Operator", "Ternary-Operator\Ternary-Operator.vcxproj", "{9223B7FD-7AA5-46D6-91AD-2C379B580734}"
EndProject
Project("{8BC9CEB8-8B4A-11D0-8D11-00A0C91BC942}") = "Ranged-Loop", "Ranged-Loop\Ranged-Loop.vcxproj", "{9B85FAA2-652E-4E06-ABD2-968237B435EF}"
EndProject
Project("{8BC9CEB8-8B4A-11D0-8D11-00A0C91BC942}") = "ValidationNumberOnly", "ValidationNumberOnly\ValidationNumberOnly.vcxproj", "{1AE01AB1-1692-4949-A987-7D66BCC13CB8}"
EndProject
Project("{8BC9CEB8-8B4A-11D0-8D11-00A0C91BC942}") = "Bitwise-AND-Operator", "Bitwise-AND-Operator\Bitwise-AND-Operator.vcxproj", "{AD551B99-4535-438A-BA71-26CBC790D17D}"
EndProject
Project("{8BC9CEB8-8B4A-11D0-8D11-00A0C91BC942}") = "Bitwise-OR-Operator", "Bitwise-OR-Operator\Bitwise-OR-Operator.vcxproj", "{4E10DC5A-868F-4D34-A96D-010EF3BA899D}"
EndProject
Project("{2150E333-8FDC-42A3-9474-1A3956D46DE8}") = "More-About-Functions", "More-About-Functions", "{4C597B44-000F-4BC2-93E2-F6E2A8FC2D64}"
EndProject
Project("{8BC9CEB8-8B4A-11D0-8D11-00A0C91BC942}") = "DeclarationVsDefinition", "DeclarationVsDefinition\DeclarationVsDefinition.vcxproj", "{7C62E495-32B7-4DF7-BDB2-A30D91457840}"
EndProject
Project("{8BC9CEB8-8B4A-11D0-8D11-00A0C91BC942}") = "Default-Parameters", "Default-Parameters\Default-Parameters.vcxproj", "{232B7BBF-4E9C-4E6F-934A-E6C78379D5B0}"
EndProject
Project("{8BC9CEB8-8B4A-11D0-8D11-00A0C91BC942}") = "Function-Overloading", "Function-Overloading\Function-Overloading.vcxproj", "{0B6DB145-E614-4FBA-8B72-0C1B69B9465E}"
EndProject
Project("{8BC9CEB8-8B4A-11D0-8D11-00A0C91BC942}") = "Call-Stack-Call-Hierarchy", "Call-Stack-Call-Hierarchy\Call-Stack-Call-Hierarchy.vcxproj", "{6D4AB4C3-854A-4011-9BD7-44A77ADF911F}"
EndProject
Project("{8BC9CEB8-8B4A-11D0-8D11-00A0C91BC942}") = "VS-Function-Tips", "VS-Function-Tips\VS-Function-Tips.vcxproj", "{646DDDC2-E014-49F2-BA14-2B6D36042204}"
EndProject
Project("{8BC9CEB8-8B4A-11D0-8D11-00A0C91BC942}") = "Recursion", "Recursion\Recursion.vcxproj", "{4C01024C-39E0-4E1D-87D0-1CC23B6A5C3C}"
EndProject
Project("{2150E333-8FDC-42A3-9474-1A3956D46DE8}") = "More-About-Variables", "More-About-Variables", "{155D0827-0086-4C69-A326-B59EAEC6A35E}"
EndProject
Project("{8BC9CEB8-8B4A-11D0-8D11-00A0C91BC942}") = "Static-Variables", "Static-Variables\Static-Variables.vcxproj", "{9A88C950-6043-4192-8696-090097B9B832}"
EndProject
Project("{8BC9CEB8-8B4A-11D0-8D11-00A0C91BC942}") = "Automatic-Variables", "Automatic-Variables\Automatic-Variables.vcxproj", "{FC7C9522-461C-4F25-8DA2-9AC3A7ED84FA}"
EndProject
Project("{8BC9CEB8-8B4A-11D0-8D11-00A0C91BC942}") = "Register-Variable", "Register-Variable\Register-Variable.vcxproj", "{B8458DD2-83E9-416E-BE22-4862B700456A}"
EndProject
Project("{2150E333-8FDC-42A3-9474-1A3956D46DE8}") = "Printing-Formatting", "Printing-Formatting", "{5CF7B8CB-0E07-4071-9A83-9071316366C7}"
EndProject
Project("{8BC9CEB8-8B4A-11D0-8D11-00A0C91BC942}") = "Integer-Format-(printf)", "Integer-Format-(printf)\Integer-Format-(printf).vcxproj", "{5D5AC785-0905-471D-880F-B4C97CDBBCFB}"
EndProject
Project("{8BC9CEB8-8B4A-11D0-8D11-00A0C91BC942}") = "Float-Format-(printf)", "Float-Format-(printf)\Float-Format-(printf).vcxproj", "{E3902DA9-E9BE-4856-8957-2C5866B3E5F2}"
EndProject
Project("{8BC9CEB8-8B4A-11D0-8D11-00A0C91BC942}") = "String-and-Char-Format-(printf)", "String-and-Char-Format-(printf)\String-and-Char-Format-(printf).vcxproj", "{1C52BE58-41B7-4E3E-B65B-60DAD013ABE4}"
EndProject
Project("{8BC9CEB8-8B4A-11D0-8D11-00A0C91BC942}") = "Setw-Manipulator", "Setw-Manipulator\Setw-Manipulator.vcxproj", "{6DFA5577-EB96-4724-9B56-4911E1C2DF4D}"
EndProject
Project("{8BC9CEB8-8B4A-11D0-8D11-00A0C91BC942}") = "Two Dimensional Arrays", "More-About-Arrays\More-About-Arrays.vcxproj", "{ACCE491C-0984-4D82-9067-51A5885B19D6}"
EndProject
Project("{2150E333-8FDC-42A3-9474-1A3956D46DE8}") = "More-About-Arrays", "More-About-Arrays", "{C412FD13-21AA-49B7-959F-70542506E20E}"
EndProject
Global
	GlobalSection(SolutionConfigurationPlatforms) = preSolution
		Debug|x64 = Debug|x64
		Debug|x86 = Debug|x86
		Release|x64 = Release|x64
		Release|x86 = Release|x86
	EndGlobalSection
	GlobalSection(ProjectConfigurationPlatforms) = postSolution
		{653F85AF-12DF-42CD-B594-C8B3C988CE89}.Debug|x64.ActiveCfg = Debug|x64
		{653F85AF-12DF-42CD-B594-C8B3C988CE89}.Debug|x64.Build.0 = Debug|x64
		{653F85AF-12DF-42CD-B594-C8B3C988CE89}.Debug|x86.ActiveCfg = Debug|Win32
		{653F85AF-12DF-42CD-B594-C8B3C988CE89}.Debug|x86.Build.0 = Debug|Win32
		{653F85AF-12DF-42CD-B594-C8B3C988CE89}.Release|x64.ActiveCfg = Release|x64
		{653F85AF-12DF-42CD-B594-C8B3C988CE89}.Release|x64.Build.0 = Release|x64
		{653F85AF-12DF-42CD-B594-C8B3C988CE89}.Release|x86.ActiveCfg = Release|Win32
		{653F85AF-12DF-42CD-B594-C8B3C988CE89}.Release|x86.Build.0 = Release|Win32
		{31FB6F72-CC1A-4909-B178-94AE0BA61200}.Debug|x64.ActiveCfg = Debug|x64
		{31FB6F72-CC1A-4909-B178-94AE0BA61200}.Debug|x64.Build.0 = Debug|x64
		{31FB6F72-CC1A-4909-B178-94AE0BA61200}.Debug|x86.ActiveCfg = Debug|Win32
		{31FB6F72-CC1A-4909-B178-94AE0BA61200}.Debug|x86.Build.0 = Debug|Win32
		{31FB6F72-CC1A-4909-B178-94AE0BA61200}.Release|x64.ActiveCfg = Release|x64
		{31FB6F72-CC1A-4909-B178-94AE0BA61200}.Release|x64.Build.0 = Release|x64
		{31FB6F72-CC1A-4909-B178-94AE0BA61200}.Release|x86.ActiveCfg = Release|Win32
		{31FB6F72-CC1A-4909-B178-94AE0BA61200}.Release|x86.Build.0 = Release|Win32
		{9223B7FD-7AA5-46D6-91AD-2C379B580734}.Debug|x64.ActiveCfg = Debug|x64
		{9223B7FD-7AA5-46D6-91AD-2C379B580734}.Debug|x64.Build.0 = Debug|x64
		{9223B7FD-7AA5-46D6-91AD-2C379B580734}.Debug|x86.ActiveCfg = Debug|Win32
		{9223B7FD-7AA5-46D6-91AD-2C379B580734}.Debug|x86.Build.0 = Debug|Win32
		{9223B7FD-7AA5-46D6-91AD-2C379B580734}.Release|x64.ActiveCfg = Release|x64
		{9223B7FD-7AA5-46D6-91AD-2C379B580734}.Release|x64.Build.0 = Release|x64
		{9223B7FD-7AA5-46D6-91AD-2C379B580734}.Release|x86.ActiveCfg = Release|Win32
		{9223B7FD-7AA5-46D6-91AD-2C379B580734}.Release|x86.Build.0 = Release|Win32
		{9B85FAA2-652E-4E06-ABD2-968237B435EF}.Debug|x64.ActiveCfg = Debug|x64
		{9B85FAA2-652E-4E06-ABD2-968237B435EF}.Debug|x64.Build.0 = Debug|x64
		{9B85FAA2-652E-4E06-ABD2-968237B435EF}.Debug|x86.ActiveCfg = Debug|Win32
		{9B85FAA2-652E-4E06-ABD2-968237B435EF}.Debug|x86.Build.0 = Debug|Win32
		{9B85FAA2-652E-4E06-ABD2-968237B435EF}.Release|x64.ActiveCfg = Release|x64
		{9B85FAA2-652E-4E06-ABD2-968237B435EF}.Release|x64.Build.0 = Release|x64
		{9B85FAA2-652E-4E06-ABD2-968237B435EF}.Release|x86.ActiveCfg = Release|Win32
		{9B85FAA2-652E-4E06-ABD2-968237B435EF}.Release|x86.Build.0 = Release|Win32
		{1AE01AB1-1692-4949-A987-7D66BCC13CB8}.Debug|x64.ActiveCfg = Debug|x64
		{1AE01AB1-1692-4949-A987-7D66BCC13CB8}.Debug|x64.Build.0 = Debug|x64
		{1AE01AB1-1692-4949-A987-7D66BCC13CB8}.Debug|x86.ActiveCfg = Debug|Win32
		{1AE01AB1-1692-4949-A987-7D66BCC13CB8}.Debug|x86.Build.0 = Debug|Win32
		{1AE01AB1-1692-4949-A987-7D66BCC13CB8}.Release|x64.ActiveCfg = Release|x64
		{1AE01AB1-1692-4949-A987-7D66BCC13CB8}.Release|x64.Build.0 = Release|x64
		{1AE01AB1-1692-4949-A987-7D66BCC13CB8}.Release|x86.ActiveCfg = Release|Win32
		{1AE01AB1-1692-4949-A987-7D66BCC13CB8}.Release|x86.Build.0 = Release|Win32
		{AD551B99-4535-438A-BA71-26CBC790D17D}.Debug|x64.ActiveCfg = Debug|x64
		{AD551B99-4535-438A-BA71-26CBC790D17D}.Debug|x64.Build.0 = Debug|x64
		{AD551B99-4535-438A-BA71-26CBC790D17D}.Debug|x86.ActiveCfg = Debug|Win32
		{AD551B99-4535-438A-BA71-26CBC790D17D}.Debug|x86.Build.0 = Debug|Win32
		{AD551B99-4535-438A-BA71-26CBC790D17D}.Release|x64.ActiveCfg = Release|x64
		{AD551B99-4535-438A-BA71-26CBC790D17D}.Release|x64.Build.0 = Release|x64
		{AD551B99-4535-438A-BA71-26CBC790D17D}.Release|x86.ActiveCfg = Release|Win32
		{AD551B99-4535-438A-BA71-26CBC790D17D}.Release|x86.Build.0 = Release|Win32
		{4E10DC5A-868F-4D34-A96D-010EF3BA899D}.Debug|x64.ActiveCfg = Debug|x64
		{4E10DC5A-868F-4D34-A96D-010EF3BA899D}.Debug|x64.Build.0 = Debug|x64
		{4E10DC5A-868F-4D34-A96D-010EF3BA899D}.Debug|x86.ActiveCfg = Debug|Win32
		{4E10DC5A-868F-4D34-A96D-010EF3BA899D}.Debug|x86.Build.0 = Debug|Win32
		{4E10DC5A-868F-4D34-A96D-010EF3BA899D}.Release|x64.ActiveCfg = Release|x64
		{4E10DC5A-868F-4D34-A96D-010EF3BA899D}.Release|x64.Build.0 = Release|x64
		{4E10DC5A-868F-4D34-A96D-010EF3BA899D}.Release|x86.ActiveCfg = Release|Win32
		{4E10DC5A-868F-4D34-A96D-010EF3BA899D}.Release|x86.Build.0 = Release|Win32
		{7C62E495-32B7-4DF7-BDB2-A30D91457840}.Debug|x64.ActiveCfg = Debug|x64
		{7C62E495-32B7-4DF7-BDB2-A30D91457840}.Debug|x64.Build.0 = Debug|x64
		{7C62E495-32B7-4DF7-BDB2-A30D91457840}.Debug|x86.ActiveCfg = Debug|Win32
		{7C62E495-32B7-4DF7-BDB2-A30D91457840}.Debug|x86.Build.0 = Debug|Win32
		{7C62E495-32B7-4DF7-BDB2-A30D91457840}.Release|x64.ActiveCfg = Release|x64
		{7C62E495-32B7-4DF7-BDB2-A30D91457840}.Release|x64.Build.0 = Release|x64
		{7C62E495-32B7-4DF7-BDB2-A30D91457840}.Release|x86.ActiveCfg = Release|Win32
		{7C62E495-32B7-4DF7-BDB2-A30D91457840}.Release|x86.Build.0 = Release|Win32
		{232B7BBF-4E9C-4E6F-934A-E6C78379D5B0}.Debug|x64.ActiveCfg = Debug|x64
		{232B7BBF-4E9C-4E6F-934A-E6C78379D5B0}.Debug|x64.Build.0 = Debug|x64
		{232B7BBF-4E9C-4E6F-934A-E6C78379D5B0}.Debug|x86.ActiveCfg = Debug|Win32
		{232B7BBF-4E9C-4E6F-934A-E6C78379D5B0}.Debug|x86.Build.0 = Debug|Win32
		{232B7BBF-4E9C-4E6F-934A-E6C78379D5B0}.Release|x64.ActiveCfg = Release|x64
		{232B7BBF-4E9C-4E6F-934A-E6C78379D5B0}.Release|x64.Build.0 = Release|x64
		{232B7BBF-4E9C-4E6F-934A-E6C78379D5B0}.Release|x86.ActiveCfg = Release|Win32
		{232B7BBF-4E9C-4E6F-934A-E6C78379D5B0}.Release|x86.Build.0 = Release|Win32
		{0B6DB145-E614-4FBA-8B72-0C1B69B9465E}.Debug|x64.ActiveCfg = Debug|x64
		{0B6DB145-E614-4FBA-8B72-0C1B69B9465E}.Debug|x64.Build.0 = Debug|x64
		{0B6DB145-E614-4FBA-8B72-0C1B69B9465E}.Debug|x86.ActiveCfg = Debug|Win32
		{0B6DB145-E614-4FBA-8B72-0C1B69B9465E}.Debug|x86.Build.0 = Debug|Win32
		{0B6DB145-E614-4FBA-8B72-0C1B69B9465E}.Release|x64.ActiveCfg = Release|x64
		{0B6DB145-E614-4FBA-8B72-0C1B69B9465E}.Release|x64.Build.0 = Release|x64
		{0B6DB145-E614-4FBA-8B72-0C1B69B9465E}.Release|x86.ActiveCfg = Release|Win32
		{0B6DB145-E614-4FBA-8B72-0C1B69B9465E}.Release|x86.Build.0 = Release|Win32
		{6D4AB4C3-854A-4011-9BD7-44A77ADF911F}.Debug|x64.ActiveCfg = Debug|x64
		{6D4AB4C3-854A-4011-9BD7-44A77ADF911F}.Debug|x64.Build.0 = Debug|x64
		{6D4AB4C3-854A-4011-9BD7-44A77ADF911F}.Debug|x86.ActiveCfg = Debug|Win32
		{6D4AB4C3-854A-4011-9BD7-44A77ADF911F}.Debug|x86.Build.0 = Debug|Win32
		{6D4AB4C3-854A-4011-9BD7-44A77ADF911F}.Release|x64.ActiveCfg = Release|x64
		{6D4AB4C3-854A-4011-9BD7-44A77ADF911F}.Release|x64.Build.0 = Release|x64
		{6D4AB4C3-854A-4011-9BD7-44A77ADF911F}.Release|x86.ActiveCfg = Release|Win32
		{6D4AB4C3-854A-4011-9BD7-44A77ADF911F}.Release|x86.Build.0 = Release|Win32
		{646DDDC2-E014-49F2-BA14-2B6D36042204}.Debug|x64.ActiveCfg = Debug|x64
		{646DDDC2-E014-49F2-BA14-2B6D36042204}.Debug|x64.Build.0 = Debug|x64
		{646DDDC2-E014-49F2-BA14-2B6D36042204}.Debug|x86.ActiveCfg = Debug|Win32
		{646DDDC2-E014-49F2-BA14-2B6D36042204}.Debug|x86.Build.0 = Debug|Win32
		{646DDDC2-E014-49F2-BA14-2B6D36042204}.Release|x64.ActiveCfg = Release|x64
		{646DDDC2-E014-49F2-BA14-2B6D36042204}.Release|x64.Build.0 = Release|x64
		{646DDDC2-E014-49F2-BA14-2B6D36042204}.Release|x86.ActiveCfg = Release|Win32
		{646DDDC2-E014-49F2-BA14-2B6D36042204}.Release|x86.Build.0 = Release|Win32
		{4C01024C-39E0-4E1D-87D0-1CC23B6A5C3C}.Debug|x64.ActiveCfg = Debug|x64
		{4C01024C-39E0-4E1D-87D0-1CC23B6A5C3C}.Debug|x64.Build.0 = Debug|x64
		{4C01024C-39E0-4E1D-87D0-1CC23B6A5C3C}.Debug|x86.ActiveCfg = Debug|Win32
		{4C01024C-39E0-4E1D-87D0-1CC23B6A5C3C}.Debug|x86.Build.0 = Debug|Win32
		{4C01024C-39E0-4E1D-87D0-1CC23B6A5C3C}.Release|x64.ActiveCfg = Release|x64
		{4C01024C-39E0-4E1D-87D0-1CC23B6A5C3C}.Release|x64.Build.0 = Release|x64
		{4C01024C-39E0-4E1D-87D0-1CC23B6A5C3C}.Release|x86.ActiveCfg = Release|Win32
		{4C01024C-39E0-4E1D-87D0-1CC23B6A5C3C}.Release|x86.Build.0 = Release|Win32
		{9A88C950-6043-4192-8696-090097B9B832}.Debug|x64.ActiveCfg = Debug|x64
		{9A88C950-6043-4192-8696-090097B9B832}.Debug|x64.Build.0 = Debug|x64
		{9A88C950-6043-4192-8696-090097B9B832}.Debug|x86.ActiveCfg = Debug|Win32
		{9A88C950-6043-4192-8696-090097B9B832}.Debug|x86.Build.0 = Debug|Win32
		{9A88C950-6043-4192-8696-090097B9B832}.Release|x64.ActiveCfg = Release|x64
		{9A88C950-6043-4192-8696-090097B9B832}.Release|x64.Build.0 = Release|x64
		{9A88C950-6043-4192-8696-090097B9B832}.Release|x86.ActiveCfg = Release|Win32
		{9A88C950-6043-4192-8696-090097B9B832}.Release|x86.Build.0 = Release|Win32
		{FC7C9522-461C-4F25-8DA2-9AC3A7ED84FA}.Debug|x64.ActiveCfg = Debug|x64
		{FC7C9522-461C-4F25-8DA2-9AC3A7ED84FA}.Debug|x64.Build.0 = Debug|x64
		{FC7C9522-461C-4F25-8DA2-9AC3A7ED84FA}.Debug|x86.ActiveCfg = Debug|Win32
		{FC7C9522-461C-4F25-8DA2-9AC3A7ED84FA}.Debug|x86.Build.0 = Debug|Win32
		{FC7C9522-461C-4F25-8DA2-9AC3A7ED84FA}.Release|x64.ActiveCfg = Release|x64
		{FC7C9522-461C-4F25-8DA2-9AC3A7ED84FA}.Release|x64.Build.0 = Release|x64
		{FC7C9522-461C-4F25-8DA2-9AC3A7ED84FA}.Release|x86.ActiveCfg = Release|Win32
		{FC7C9522-461C-4F25-8DA2-9AC3A7ED84FA}.Release|x86.Build.0 = Release|Win32
		{B8458DD2-83E9-416E-BE22-4862B700456A}.Debug|x64.ActiveCfg = Debug|x64
		{B8458DD2-83E9-416E-BE22-4862B700456A}.Debug|x64.Build.0 = Debug|x64
		{B8458DD2-83E9-416E-BE22-4862B700456A}.Debug|x86.ActiveCfg = Debug|Win32
		{B8458DD2-83E9-416E-BE22-4862B700456A}.Debug|x86.Build.0 = Debug|Win32
		{B8458DD2-83E9-416E-BE22-4862B700456A}.Release|x64.ActiveCfg = Release|x64
		{B8458DD2-83E9-416E-BE22-4862B700456A}.Release|x64.Build.0 = Release|x64
		{B8458DD2-83E9-416E-BE22-4862B700456A}.Release|x86.ActiveCfg = Release|Win32
		{B8458DD2-83E9-416E-BE22-4862B700456A}.Release|x86.Build.0 = Release|Win32
		{5D5AC785-0905-471D-880F-B4C97CDBBCFB}.Debug|x64.ActiveCfg = Debug|x64
		{5D5AC785-0905-471D-880F-B4C97CDBBCFB}.Debug|x64.Build.0 = Debug|x64
		{5D5AC785-0905-471D-880F-B4C97CDBBCFB}.Debug|x86.ActiveCfg = Debug|Win32
		{5D5AC785-0905-471D-880F-B4C97CDBBCFB}.Debug|x86.Build.0 = Debug|Win32
		{5D5AC785-0905-471D-880F-B4C97CDBBCFB}.Release|x64.ActiveCfg = Release|x64
		{5D5AC785-0905-471D-880F-B4C97CDBBCFB}.Release|x64.Build.0 = Release|x64
		{5D5AC785-0905-471D-880F-B4C97CDBBCFB}.Release|x86.ActiveCfg = Release|Win32
		{5D5AC785-0905-471D-880F-B4C97CDBBCFB}.Release|x86.Build.0 = Release|Win32
		{E3902DA9-E9BE-4856-8957-2C5866B3E5F2}.Debug|x64.ActiveCfg = Debug|x64
		{E3902DA9-E9BE-4856-8957-2C5866B3E5F2}.Debug|x64.Build.0 = Debug|x64
		{E3902DA9-E9BE-4856-8957-2C5866B3E5F2}.Debug|x86.ActiveCfg = Debug|Win32
		{E3902DA9-E9BE-4856-8957-2C5866B3E5F2}.Debug|x86.Build.0 = Debug|Win32
		{E3902DA9-E9BE-4856-8957-2C5866B3E5F2}.Release|x64.ActiveCfg = Release|x64
		{E3902DA9-E9BE-4856-8957-2C5866B3E5F2}.Release|x64.Build.0 = Release|x64
		{E3902DA9-E9BE-4856-8957-2C5866B3E5F2}.Release|x86.ActiveCfg = Release|Win32
		{E3902DA9-E9BE-4856-8957-2C5866B3E5F2}.Release|x86.Build.0 = Release|Win32
		{1C52BE58-41B7-4E3E-B65B-60DAD013ABE4}.Debug|x64.ActiveCfg = Debug|x64
		{1C52BE58-41B7-4E3E-B65B-60DAD013ABE4}.Debug|x64.Build.0 = Debug|x64
		{1C52BE58-41B7-4E3E-B65B-60DAD013ABE4}.Debug|x86.ActiveCfg = Debug|Win32
		{1C52BE58-41B7-4E3E-B65B-60DAD013ABE4}.Debug|x86.Build.0 = Debug|Win32
		{1C52BE58-41B7-4E3E-B65B-60DAD013ABE4}.Release|x64.ActiveCfg = Release|x64
		{1C52BE58-41B7-4E3E-B65B-60DAD013ABE4}.Release|x64.Build.0 = Release|x64
		{1C52BE58-41B7-4E3E-B65B-60DAD013ABE4}.Release|x86.ActiveCfg = Release|Win32
		{1C52BE58-41B7-4E3E-B65B-60DAD013ABE4}.Release|x86.Build.0 = Release|Win32
		{6DFA5577-EB96-4724-9B56-4911E1C2DF4D}.Debug|x64.ActiveCfg = Debug|x64
		{6DFA5577-EB96-4724-9B56-4911E1C2DF4D}.Debug|x64.Build.0 = Debug|x64
		{6DFA5577-EB96-4724-9B56-4911E1C2DF4D}.Debug|x86.ActiveCfg = Debug|Win32
		{6DFA5577-EB96-4724-9B56-4911E1C2DF4D}.Debug|x86.Build.0 = Debug|Win32
		{6DFA5577-EB96-4724-9B56-4911E1C2DF4D}.Release|x64.ActiveCfg = Release|x64
		{6DFA5577-EB96-4724-9B56-4911E1C2DF4D}.Release|x64.Build.0 = Release|x64
		{6DFA5577-EB96-4724-9B56-4911E1C2DF4D}.Release|x86.ActiveCfg = Release|Win32
		{6DFA5577-EB96-4724-9B56-4911E1C2DF4D}.Release|x86.Build.0 = Release|Win32
		{ACCE491C-0984-4D82-9067-51A5885B19D6}.Debug|x64.ActiveCfg = Debug|x64
		{ACCE491C-0984-4D82-9067-51A5885B19D6}.Debug|x64.Build.0 = Debug|x64
		{ACCE491C-0984-4D82-9067-51A5885B19D6}.Debug|x86.ActiveCfg = Debug|Win32
		{ACCE491C-0984-4D82-9067-51A5885B19D6}.Debug|x86.Build.0 = Debug|Win32
		{ACCE491C-0984-4D82-9067-51A5885B19D6}.Release|x64.ActiveCfg = Release|x64
		{ACCE491C-0984-4D82-9067-51A5885B19D6}.Release|x64.Build.0 = Release|x64
		{ACCE491C-0984-4D82-9067-51A5885B19D6}.Release|x86.ActiveCfg = Release|Win32
		{ACCE491C-0984-4D82-9067-51A5885B19D6}.Release|x86.Build.0 = Release|Win32
	EndGlobalSection
	GlobalSection(SolutionProperties) = preSolution
		HideSolutionNode = FALSE
	EndGlobalSection
	GlobalSection(NestedProjects) = preSolution
		{653F85AF-12DF-42CD-B594-C8B3C988CE89} = {02EA681E-C7D8-13C7-8484-4AC65E1B71E8}
		{31FB6F72-CC1A-4909-B178-94AE0BA61200} = {B4250EBF-8CC4-486F-9D54-D9FAF320E7EF}
		{9223B7FD-7AA5-46D6-91AD-2C379B580734} = {B4250EBF-8CC4-486F-9D54-D9FAF320E7EF}
		{9B85FAA2-652E-4E06-ABD2-968237B435EF} = {B4250EBF-8CC4-486F-9D54-D9FAF320E7EF}
		{1AE01AB1-1692-4949-A987-7D66BCC13CB8} = {B4250EBF-8CC4-486F-9D54-D9FAF320E7EF}
		{AD551B99-4535-438A-BA71-26CBC790D17D} = {B4250EBF-8CC4-486F-9D54-D9FAF320E7EF}
		{4E10DC5A-868F-4D34-A96D-010EF3BA899D} = {B4250EBF-8CC4-486F-9D54-D9FAF320E7EF}
		{7C62E495-32B7-4DF7-BDB2-A30D91457840} = {4C597B44-000F-4BC2-93E2-F6E2A8FC2D64}
		{232B7BBF-4E9C-4E6F-934A-E6C78379D5B0} = {4C597B44-000F-4BC2-93E2-F6E2A8FC2D64}
		{0B6DB145-E614-4FBA-8B72-0C1B69B9465E} = {4C597B44-000F-4BC2-93E2-F6E2A8FC2D64}
		{6D4AB4C3-854A-4011-9BD7-44A77ADF911F} = {4C597B44-000F-4BC2-93E2-F6E2A8FC2D64}
		{646DDDC2-E014-49F2-BA14-2B6D36042204} = {4C597B44-000F-4BC2-93E2-F6E2A8FC2D64}
		{4C01024C-39E0-4E1D-87D0-1CC23B6A5C3C} = {4C597B44-000F-4BC2-93E2-F6E2A8FC2D64}
		{9A88C950-6043-4192-8696-090097B9B832} = {155D0827-0086-4C69-A326-B59EAEC6A35E}
		{FC7C9522-461C-4F25-8DA2-9AC3A7ED84FA} = {155D0827-0086-4C69-A326-B59EAEC6A35E}
		{B8458DD2-83E9-416E-BE22-4862B700456A} = {155D0827-0086-4C69-A326-B59EAEC6A35E}
		{5D5AC785-0905-471D-880F-B4C97CDBBCFB} = {5CF7B8CB-0E07-4071-9A83-9071316366C7}
		{E3902DA9-E9BE-4856-8957-2C5866B3E5F2} = {5CF7B8CB-0E07-4071-9A83-9071316366C7}
		{1C52BE58-41B7-4E3E-B65B-60DAD013ABE4} = {5CF7B8CB-0E07-4071-9A83-9071316366C7}
		{6DFA5577-EB96-4724-9B56-4911E1C2DF4D} = {5CF7B8CB-0E07-4071-9A83-9071316366C7}
		{ACCE491C-0984-4D82-9067-51A5885B19D6} = {C412FD13-21AA-49B7-959F-70542506E20E}
	EndGlobalSection
	GlobalSection(ExtensibilityGlobals) = postSolution
		SolutionGuid = {18D75D6F-988F-4E38-BA90-63E20B3D8DE7}
	EndGlobalSection
EndGlobal
